// !$*UTF8*$!
{
	archiveVersion = 1;
	classes = {
	};
	objectVersion = 50;
	objects = {

/* Begin PBXBuildFile section */
		0463C87721F0558C00E051F7 /* AppDelegate.m in Sources */ = {isa = PBXBuildFile; fileRef = 0463C87621F0558C00E051F7 /* AppDelegate.m */; };
		0463C87A21F0558C00E051F7 /* ViewController.m in Sources */ = {isa = PBXBuildFile; fileRef = 0463C87921F0558C00E051F7 /* ViewController.m */; };
		0463C87D21F0558C00E051F7 /* Main.storyboard in Resources */ = {isa = PBXBuildFile; fileRef = 0463C87B21F0558C00E051F7 /* Main.storyboard */; };
		0463C87F21F0558E00E051F7 /* Assets.xcassets in Resources */ = {isa = PBXBuildFile; fileRef = 0463C87E21F0558E00E051F7 /* Assets.xcassets */; };
		0463C88221F0558E00E051F7 /* LaunchScreen.storyboard in Resources */ = {isa = PBXBuildFile; fileRef = 0463C88021F0558E00E051F7 /* LaunchScreen.storyboard */; };
		0463C88521F0558E00E051F7 /* main.m in Sources */ = {isa = PBXBuildFile; fileRef = 0463C88421F0558E00E051F7 /* main.m */; };
		0463C88D21F055FB00E051F7 /* UILabel+Attribute.m in Sources */ = {isa = PBXBuildFile; fileRef = 0463C88C21F055FB00E051F7 /* UILabel+Attribute.m */; };
/* End PBXBuildFile section */

/* Begin PBXFileReference section */
		0463C87221F0558C00E051F7 /* RunTimeLabel.app */ = {isa = PBXFileReference; explicitFileType = wrapper.application; includeInIndex = 0; path = RunTimeLabel.app; sourceTree = BUILT_PRODUCTS_DIR; };
		0463C87521F0558C00E051F7 /* AppDelegate.h */ = {isa = PBXFileReference; lastKnownFileType = sourcecode.c.h; path = AppDelegate.h; sourceTree = "<group>"; };
		0463C87621F0558C00E051F7 /* AppDelegate.m */ = {isa = PBXFileReference; lastKnownFileType = sourcecode.c.objc; path = AppDelegate.m; sourceTree = "<group>"; };
		0463C87821F0558C00E051F7 /* ViewController.h */ = {isa = PBXFileReference; lastKnownFileType = sourcecode.c.h; path = ViewController.h; sourceTree = "<group>"; };
		0463C87921F0558C00E051F7 /* ViewController.m */ = {isa = PBXFileReference; lastKnownFileType = sourcecode.c.objc; path = ViewController.m; sourceTree = "<group>"; };
		0463C87C21F0558C00E051F7 /* Base */ = {isa = PBXFileReference; lastKnownFileType = file.storyboard; name = Base; path = Base.lproj/Main.storyboard; sourceTree = "<group>"; };
		0463C87E21F0558E00E051F7 /* Assets.xcassets */ = {isa = PBXFileReference; lastKnownFileType = folder.assetcatalog; path = Assets.xcassets; sourceTree = "<group>"; };
		0463C88121F0558E00E051F7 /* Base */ = {isa = PBXFileReference; lastKnownFileType = file.storyboard; name = Base; path = Base.lproj/LaunchScreen.storyboard; sourceTree = "<group>"; };
		0463C88321F0558E00E051F7 /* Info.plist */ = {isa = PBXFileReference; lastKnownFileType = text.plist.xml; path = Info.plist; sourceTree = "<group>"; };
		0463C88421F0558E00E051F7 /* main.m */ = {isa = PBXFileReference; lastKnownFileType = sourcecode.c.objc; path = main.m; sourceTree = "<group>"; };
		0463C88B21F055FB00E051F7 /* UILabel+Attribute.h */ = {isa = PBXFileReference; lastKnownFileType = sourcecode.c.h; path = "UILabel+Attribute.h"; sourceTree = "<group>"; };
		0463C88C21F055FB00E051F7 /* UILabel+Attribute.m */ = {isa = PBXFileReference; lastKnownFileType = sourcecode.c.objc; path = "UILabel+Attribute.m"; sourceTree = "<group>"; };
/* End PBXFileReference section */

/* Begin PBXFrameworksBuildPhase section */
		0463C86F21F0558B00E051F7 /* Frameworks */ = {
			isa = PBXFrameworksBuildPhase;
			buildActionMask = 2147483647;
			files = (
			);
			runOnlyForDeploymentPostprocessing = 0;
		};
/* End PBXFrameworksBuildPhase section */

/* Begin PBXGroup section */
		0463C86921F0558B00E051F7 = {
			isa = PBXGroup;
			children = (
				0463C87421F0558C00E051F7 /* RunTimeLabel */,
				0463C87321F0558C00E051F7 /* Products */,
			);
			sourceTree = "<group>";
		};
		0463C87321F0558C00E051F7 /* Products */ = {
			isa = PBXGroup;
			children = (
				0463C87221F0558C00E051F7 /* RunTimeLabel.app */,
			);
			name = Products;
			sourceTree = "<group>";
		};
		0463C87421F0558C00E051F7 /* RunTimeLabel */ = {
			isa = PBXGroup;
			children = (
				0463C87521F0558C00E051F7 /* AppDelegate.h */,
				0463C87621F0558C00E051F7 /* AppDelegate.m */,
				0463C87821F0558C00E051F7 /* ViewController.h */,
				0463C87921F0558C00E051F7 /* ViewController.m */,
				0463C88B21F055FB00E051F7 /* UILabel+Attribute.h */,
				0463C88C21F055FB00E051F7 /* UILabel+Attribute.m */,
				0463C87B21F0558C00E051F7 /* Main.storyboard */,
				0463C87E21F0558E00E051F7 /* Assets.xcassets */,
				0463C88021F0558E00E051F7 /* LaunchScreen.storyboard */,
				0463C88321F0558E00E051F7 /* Info.plist */,
				0463C88421F0558E00E051F7 /* main.m */,
			);
			path = RunTimeLabel;
			sourceTree = "<group>";
		};
/* End PBXGroup section */

/* Begin PBXNativeTarget section */
		0463C87121F0558B00E051F7 /* RunTimeLabel */ = {
			isa = PBXNativeTarget;
			buildConfigurationList = 0463C88821F0558E00E051F7 /* Build configuration list for PBXNativeTarget "RunTimeLabel" */;
			buildPhases = (
				0463C86E21F0558B00E051F7 /* Sources */,
				0463C86F21F0558B00E051F7 /* Frameworks */,
				0463C87021F0558B00E051F7 /* Resources */,
			);
			buildRules = (
			);
			dependencies = (
			);
			name = RunTimeLabel;
			productName = RunTimeLabel;
			productReference = 0463C87221F0558C00E051F7 /* RunTimeLabel.app */;
			productType = "com.apple.product-type.application";
		};
/* End PBXNativeTarget section */

/* Begin PBXProject section */
		0463C86A21F0558B00E051F7 /* Project object */ = {
			isa = PBXProject;
			attributes = {
				LastUpgradeCheck = 0940;
				ORGANIZATIONNAME = Mac;
				TargetAttributes = {
					0463C87121F0558B00E051F7 = {
						CreatedOnToolsVersion = 9.4.1;
					};
				};
			};
			buildConfigurationList = 0463C86D21F0558B00E051F7 /* Build configuration list for PBXProject "RunTimeLabel" */;
			compatibilityVersion = "Xcode 9.3";
			developmentRegion = en;
			hasScannedForEncodings = 0;
			knownRegions = (
				en,
				Base,
			);
			mainGroup = 0463C86921F0558B00E051F7;
			productRefGroup = 0463C87321F0558C00E051F7 /* Products */;
			projectDirPath = "";
			projectRoot = "";
			targets = (
				0463C87121F0558B00E051F7 /* RunTimeLabel */,
			);
		};
/* End PBXProject section */

/* Begin PBXResourcesBuildPhase section */
		0463C87021F0558B00E051F7 /* Resources */ = {
			isa = PBXResourcesBuildPhase;
			buildActionMask = 2147483647;
			files = (
				0463C88221F0558E00E051F7 /* LaunchScreen.storyboard in Resources */,
				0463C87F21F0558E00E051F7 /* Assets.xcassets in Resources */,
				0463C87D21F0558C00E051F7 /* Main.storyboard in Resources */,
			);
			runOnlyForDeploymentPostprocessing = 0;
		};
/* End PBXResourcesBuildPhase section */

/* Begin PBXSourcesBuildPhase section */
		0463C86E21F0558B00E051F7 /* Sources */ = {
			isa = PBXSourcesBuildPhase;
			buildActionMask = 2147483647;
			files = (
				0463C87A21F0558C00E051F7 /* ViewController.m in Sources */,
				0463C88521F0558E00E051F7 /* main.m in Sources */,
				0463C87721F0558C00E051F7 /* AppDelegate.m in Sources */,
				0463C88D21F055FB00E051F7 /* UILabel+Attribute.m in Sources */,
			);
			runOnlyForDeploymentPostprocessing = 0;
		};
/* End PBXSourcesBuildPhase section */

/* Begin PBXVariantGroup section */
		0463C87B21F0558C00E051F7 /* Main.storyboard */ = {
			isa = PBXVariantGroup;
			children = (
				0463C87C21F0558C00E051F7 /* Base */,
			);
			name = Main.storyboard;
			sourceTree = "<group>";
		};
		0463C88021F0558E00E051F7 /* LaunchScreen.storyboard */ = {
			isa = PBXVariantGroup;
			children = (
				0463C88121F0558E00E051F7 /* Base */,
			);
			name = LaunchScreen.storyboard;
			sourceTree = "<group>";
		};
/* End PBXVariantGroup section */

/* Begin XCBuildConfiguration section */
		0463C88621F0558E00E051F7 /* Debug */ = {
			isa = XCBuildConfiguration;
			buildSettings = {
				ALWAYS_SEARCH_USER_PATHS = NO;
				CLANG_ANALYZER_NONNULL = YES;
				CLANG_ANALYZER_NUMBER_OBJECT_CONVERSION = YES_AGGRESSIVE;
				CLANG_CXX_LANGUAGE_STANDARD = "gnu++14";
				CLANG_CXX_LIBRARY = "libc++";
				CLANG_ENABLE_MODULES = YES;
				CLANG_ENABLE_OBJC_ARC = YES;
				CLANG_ENABLE_OBJC_WEAK = YES;
				CLANG_WARN_BLOCK_CAPTURE_AUTORELEASING = YES;
				CLANG_WARN_BOOL_CONVERSION = YES;
				CLANG_WARN_COMMA = YES;
				CLANG_WARN_CONSTANT_CONVERSION = YES;
				CLANG_WARN_DEPRECATED_OBJC_IMPLEMENTATIONS = YES;
				CLANG_WARN_DIRECT_OBJC_ISA_USAGE = YES_ERROR;
				CLANG_WARN_DOCUMENTATION_COMMENTS = YES;
				CLANG_WARN_EMPTY_BODY = YES;
				CLANG_WARN_ENUM_CONVERSION = YES;
				CLANG_WARN_INFINITE_RECURSION = YES;
				CLANG_WARN_INT_CONVERSION = YES;
				CLANG_WARN_NON_LITERAL_NULL_CONVERSION = YES;
				CLANG_WARN_OBJC_IMPLICIT_RETAIN_SELF = YES;
				CLANG_WARN_OBJC_LITERAL_CONVERSION = YES;
				CLANG_WARN_OBJC_ROOT_CLASS = YES_ERROR;
				CLANG_WARN_RANGE_LOOP_ANALYSIS = YES;
				CLANG_WARN_STRICT_PROTOTYPES = YES;
				CLANG_WARN_SUSPICIOUS_MOVE = YES;
				CLANG_WARN_UNGUARDED_AVAILABILITY = YES_AGGRESSIVE;
				CLANG_WARN_UNREACHABLE_CODE = YES;
				CLANG_WARN__DUPLICATE_METHOD_MATCH = YES;
				CODE_SIGN_IDENTITY = "iPhone Developer";
				COPY_PHASE_STRIP = NO;
				DEBUG_INFORMATION_FORMAT = dwarf;
				ENABLE_STRICT_OBJC_MSGSEND = YES;
				ENABLE_TESTABILITY = YES;
				GCC_C_LANGUAGE_STANDARD = gnu11;
				GCC_DYNAMIC_NO_PIC = NO;
				GCC_NO_COMMON_BLOCKS = YES;
				GCC_OPTIMIZATION_LEVEL = 0;
				GCC_PREPROCESSOR_DEFINITIONS = (
					"DEBUG=1",
					"$(inherited)",
				);
				GCC_WARN_64_TO_32_BIT_CONVERSION = YES;
				GCC_WARN_ABOUT_RETURN_TYPE = YES_ERROR;
				GCC_WARN_UNDECLARED_SELECTOR = YES;
				GCC_WARN_UNINITIALIZED_AUTOS = YES_AGGRESSIVE;
				GCC_WARN_UNUSED_FUNCTION = YES;
				GCC_WARN_UNUSED_VARIABLE = YES;
				IPHONEOS_DEPLOYMENT_TARGET = 11.4;
				MTL_ENABLE_DEBUG_INFO = YES;
				ONLY_ACTIVE_ARCH = YES;
				SDKROOT = iphoneos;
			};
			name = Debug;
		};
		0463C88721F0558E00E051F7 /* Release */ = {
			isa = XCBuildConfiguration;
			buildSettings = {
				ALWAYS_SEARCH_USER_PATHS = NO;
				CLANG_ANALYZER_NONNULL = YES;
				CLANG_ANALYZER_NUMBER_OBJECT_CONVERSION = YES_AGGRESSIVE;
				CLANG_CXX_LANGUAGE_STANDARD = "gnu++14";
				CLANG_CXX_LIBRARY = "libc++";
				CLANG_ENABLE_MODULES = YES;
				CLANG_ENABLE_OBJC_ARC = YES;
				CLANG_ENABLE_OBJC_WEAK = YES;
				CLANG_WARN_BLOCK_CAPTURE_AUTORELEASING = YES;
				CLANG_WARN_BOOL_CONVERSION = YES;
				CLANG_WARN_COMMA = YES;
				CLANG_WARN_CONSTANT_CONVERSION = YES;
				CLANG_WARN_DEPRECATED_OBJC_IMPLEMENTATIONS = YES;
				CLANG_WARN_DIRECT_OBJC_ISA_USAGE = YES_ERROR;
				CLANG_WARN_DOCUMENTATION_COMMENTS = YES;
				CLANG_WARN_EMPTY_BODY = YES;
				CLANG_WARN_ENUM_CONVERSION = YES;
				CLANG_WARN_INFINITE_RECURSION = YES;
				CLANG_WARN_INT_CONVERSION = YES;
				CLANG_WARN_NON_LITERAL_NULL_CONVERSION = YES;
				CLANG_WARN_OBJC_IMPLICIT_RETAIN_SELF = YES;
				CLANG_WARN_OBJC_LITERAL_CONVERSION = YES;
				CLANG_WARN_OBJC_ROOT_CLASS = YES_ERROR;
				CLANG_WARN_RANGE_LOOP_ANALYSIS = YES;
				CLANG_WARN_STRICT_PROTOTYPES = YES;
				CLANG_WARN_SUSPICIOUS_MOVE = YES;
				CLANG_WARN_UNGUARDED_AVAILABILITY = YES_AGGRESSIVE;
				CLANG_WARN_UNREACHABLE_CODE = YES;
				CLANG_WARN__DUPLICATE_METHOD_MATCH = YES;
				CODE_SIGN_IDENTITY = "iPhone Developer";
				COPY_PHASE_STRIP = NO;
				DEBUG_INFORMATION_FORMAT = "dwarf-with-dsym";
				ENABLE_NS_ASSERTIONS = NO;
				ENABLE_STRICT_OBJC_MSGSEND = YES;
				GCC_C_LANGUAGE_STANDARD = gnu11;
				GCC_NO_COMMON_BLOCKS = YES;
				GCC_WARN_64_TO_32_BIT_CONVERSION = YES;
				GCC_WARN_ABOUT_RETURN_TYPE = YES_ERROR;
				GCC_WARN_UNDECLARED_SELECTOR = YES;
				GCC_WARN_UNINITIALIZED_AUTOS = YES_AGGRESSIVE;
				GCC_WARN_UNUSED_FUNCTION = YES;
				GCC_WARN_UNUSED_VARIABLE = YES;
				IPHONEOS_DEPLOYMENT_TARGET = 11.4;
				MTL_ENABLE_DEBUG_INFO = NO;
				SDKROOT = iphoneos;
				VALIDATE_PRODUCT = YES;
			};
			name = Release;
		};
		0463C88921F0558E00E051F7 /* Debug */ = {
			isa = XCBuildConfiguration;
			buildSettings = {
				ASSETCATALOG_COMPILER_APPICON_NAME = AppIcon;
				CODE_SIGN_STYLE = Automatic;
				DEVELOPMENT_TEAM = EDLGAX2G53;
				INFOPLIST_FILE = RunTimeLabel/Info.plist;
				LD_RUNPATH_SEARCH_PATHS = (
					"$(inherited)",
					"@executable_path/Frameworks",
				);
				PRODUCT_BUNDLE_IDENTIFIER = itc.com.RunTimeLabel;
				PRODUCT_NAME = "$(TARGET_NAME)";
				TARGETED_DEVICE_FAMILY = "1,2";
			};
			name = Debug;
		};
		0463C88A21F0558E00E051F7 /* Release */ = {
			isa = XCBuildConfiguration;
			buildSettings = {
				ASSETCATALOG_COMPILER_APPICON_NAME = AppIcon;
				CODE_SIGN_STYLE = Automatic;
				DEVELOPMENT_TEAM = EDLGAX2G53;
				INFOPLIST_FILE = RunTimeLabel/Info.plist;
				LD_RUNPATH_SEARCH_PATHS = (
					"$(inherited)",
					"@executable_path/Frameworks",
				);
				PRODUCT_BUNDLE_IDENTIFIER = itc.com.RunTimeLabel;
				PRODUCT_NAME = "$(TARGET_NAME)";
				TARGETED_DEVICE_FAMILY = "1,2";
			};
			name = Release;
		};
/* End XCBuildConfiguration section */

/* Begin XCConfigurationList section */
		0463C86D21F0558B00E051F7 /* Build configuration list for PBXProject "RunTimeLabel" */ = {
			isa = XCConfigurationList;
			buildConfigurations = (
				0463C88621F0558E00E051F7 /* Debug */,
				0463C88721F0558E00E051F7 /* Release */,
			);
			defaultConfigurationIsVisible = 0;
			defaultConfigurationName = Release;
		};
		0463C88821F0558E00E051F7 /* Build configuration list for PBXNativeTarget "RunTimeLabel" */ = {
			isa = XCConfigurationList;
			buildConfigurations = (
				0463C88921F0558E00E051F7 /* Debug */,
				0463C88A21F0558E00E051F7 /* Release */,
			);
			defaultConfigurationIsVisible = 0;
			defaultConfigurationName = Release;
		};
/* End XCConfigurationList section */
	};
	rootObject = 0463C86A21F0558B00E051F7 /* Project object */;
}
